
Microsoft Visual Studio Solution File, Format Version 12.00
# Visual Studio 14
VisualStudioVersion = 14.0.25123.0
MinimumVisualStudioVersion = 10.0.40219.1
Project("{8BC9CEB8-8B4A-11D0-8D11-00A0C91BC942}") = "aes5", "aes5\aes5.vcxproj", "{1B1EA41E-F0A4-47B3-944A-8C8C0E5847E4}"
EndProject
Project("{8BC9CEB8-8B4A-11D0-8D11-00A0C91BC942}") = "aes5_simple", "aes5_simple\aes5_simple.vcxproj", "{7FF69B81-66D7-4260-B7CF-F7A13DD760E6}"
EndProject
Global
	GlobalSection(SolutionConfigurationPlatforms) = preSolution
		Debug|x64 = Debug|x64
		Debug|x86 = Debug|x86
		Release|x64 = Release|x64
		Release|x86 = Release|x86
	EndGlobalSection
	GlobalSection(ProjectConfigurationPlatforms) = postSolution
		{1B1EA41E-F0A4-47B3-944A-8C8C0E5847E4}.Debug|x64.ActiveCfg = Debug|x64
		{1B1EA41E-F0A4-47B3-944A-8C8C0E5847E4}.Debug|x64.Build.0 = Debug|x64
		{1B1EA41E-F0A4-47B3-944A-8C8C0E5847E4}.Debug|x86.ActiveCfg = Debug|Win32
		{1B1EA41E-F0A4-47B3-944A-8C8C0E5847E4}.Debug|x86.Build.0 = Debug|Win32
		{1B1EA41E-F0A4-47B3-944A-8C8C0E5847E4}.Release|x64.ActiveCfg = Release|x64
		{1B1EA41E-F0A4-47B3-944A-8C8C0E5847E4}.Release|x64.Build.0 = Release|x64
		{1B1EA41E-F0A4-47B3-944A-8C8C0E5847E4}.Release|x86.ActiveCfg = Release|Win32
		{1B1EA41E-F0A4-47B3-944A-8C8C0E5847E4}.Release|x86.Build.0 = Release|Win32
		{7FF69B81-66D7-4260-B7CF-F7A13DD760E6}.Debug|x64.ActiveCfg = Debug|x64
		{7FF69B81-66D7-4260-B7CF-F7A13DD760E6}.Debug|x64.Build.0 = Debug|x64
		{7FF69B81-66D7-4260-B7CF-F7A13DD760E6}.Debug|x86.ActiveCfg = Debug|Win32
		{7FF69B81-66D7-4260-B7CF-F7A13DD760E6}.Debug|x86.Build.0 = Debug|Win32
		{7FF69B81-66D7-4260-B7CF-F7A13DD760E6}.Release|x64.ActiveCfg = Release|x64
		{7FF69B81-66D7-4260-B7CF-F7A13DD760E6}.Release|x64.Build.0 = Release|x64
		{7FF69B81-66D7-4260-B7CF-F7A13DD760E6}.Release|x86.ActiveCfg = Release|Win32
		{7FF69B81-66D7-4260-B7CF-F7A13DD760E6}.Release|x86.Build.0 = Release|Win32
	EndGlobalSection
	GlobalSection(SolutionProperties) = preSolution
		HideSolutionNode = FALSE
	EndGlobalSection
EndGlobal
